// !$*UTF8*$!
{
	archiveVersion = 1;
	classes = {
	};
	objectVersion = 50;
	objects = {

/* Begin PBXBuildFile section */
		180E4E9C259E11AD00DB028B /* AppDelegate.swift in Sources */ = {isa = PBXBuildFile; fileRef = 180E4E9B259E11AD00DB028B /* AppDelegate.swift */; };
		180E4E9E259E11AD00DB028B /* SceneDelegate.swift in Sources */ = {isa = PBXBuildFile; fileRef = 180E4E9D259E11AD00DB028B /* SceneDelegate.swift */; };
		180E4EA0259E11AD00DB028B /* ViewController.swift in Sources */ = {isa = PBXBuildFile; fileRef = 180E4E9F259E11AD00DB028B /* ViewController.swift */; };
		180E4EA3259E11AD00DB028B /* Main.storyboard in Resources */ = {isa = PBXBuildFile; fileRef = 180E4EA1259E11AD00DB028B /* Main.storyboard */; };
		180E4EA5259E11AE00DB028B /* Assets.xcassets in Resources */ = {isa = PBXBuildFile; fileRef = 180E4EA4259E11AE00DB028B /* Assets.xcassets */; };
		180E4EA8259E11AE00DB028B /* LaunchScreen.storyboard in Resources */ = {isa = PBXBuildFile; fileRef = 180E4EA6259E11AE00DB028B /* LaunchScreen.storyboard */; };
		180E4EB3259E11AE00DB028B /* TestingXcodeServerTests.swift in Sources */ = {isa = PBXBuildFile; fileRef = 180E4EB2259E11AE00DB028B /* TestingXcodeServerTests.swift */; };
		180E4EBE259E11AE00DB028B /* TestingXcodeServerUITests.swift in Sources */ = {isa = PBXBuildFile; fileRef = 180E4EBD259E11AE00DB028B /* TestingXcodeServerUITests.swift */; };
/* End PBXBuildFile section */

/* Begin PBXContainerItemProxy section */
		180E4EAF259E11AE00DB028B /* PBXContainerItemProxy */ = {
			isa = PBXContainerItemProxy;
			containerPortal = 180E4E90259E11AD00DB028B /* Project object */;
			proxyType = 1;
			remoteGlobalIDString = 180E4E97259E11AD00DB028B;
			remoteInfo = TestingXcodeServer;
		};
		180E4EBA259E11AE00DB028B /* PBXContainerItemProxy */ = {
			isa = PBXContainerItemProxy;
			containerPortal = 180E4E90259E11AD00DB028B /* Project object */;
			proxyType = 1;
			remoteGlobalIDString = 180E4E97259E11AD00DB028B;
			remoteInfo = TestingXcodeServer;
		};
/* End PBXContainerItemProxy section */

/* Begin PBXFileReference section */
		180E4E98259E11AD00DB028B /* TestingXcodeServer.app */ = {isa = PBXFileReference; explicitFileType = wrapper.application; includeInIndex = 0; path = TestingXcodeServer.app; sourceTree = BUILT_PRODUCTS_DIR; };
		180E4E9B259E11AD00DB028B /* AppDelegate.swift */ = {isa = PBXFileReference; lastKnownFileType = sourcecode.swift; path = AppDelegate.swift; sourceTree = "<group>"; };
		180E4E9D259E11AD00DB028B /* SceneDelegate.swift */ = {isa = PBXFileReference; lastKnownFileType = sourcecode.swift; path = SceneDelegate.swift; sourceTree = "<group>"; };
		180E4E9F259E11AD00DB028B /* ViewController.swift */ = {isa = PBXFileReference; lastKnownFileType = sourcecode.swift; path = ViewController.swift; sourceTree = "<group>"; };
		180E4EA2259E11AD00DB028B /* Base */ = {isa = PBXFileReference; lastKnownFileType = file.storyboard; name = Base; path = Base.lproj/Main.storyboard; sourceTree = "<group>"; };
		180E4EA4259E11AE00DB028B /* Assets.xcassets */ = {isa = PBXFileReference; lastKnownFileType = folder.assetcatalog; path = Assets.xcassets; sourceTree = "<group>"; };
		180E4EA7259E11AE00DB028B /* Base */ = {isa = PBXFileReference; lastKnownFileType = file.storyboard; name = Base; path = Base.lproj/LaunchScreen.storyboard; sourceTree = "<group>"; };
		180E4EA9259E11AE00DB028B /* Info.plist */ = {isa = PBXFileReference; lastKnownFileType = text.plist.xml; path = Info.plist; sourceTree = "<group>"; };
		180E4EAE259E11AE00DB028B /* TestingXcodeServerTests.xctest */ = {isa = PBXFileReference; explicitFileType = wrapper.cfbundle; includeInIndex = 0; path = TestingXcodeServerTests.xctest; sourceTree = BUILT_PRODUCTS_DIR; };
		180E4EB2259E11AE00DB028B /* TestingXcodeServerTests.swift */ = {isa = PBXFileReference; lastKnownFileType = sourcecode.swift; path = TestingXcodeServerTests.swift; sourceTree = "<group>"; };
		180E4EB4259E11AE00DB028B /* Info.plist */ = {isa = PBXFileReference; lastKnownFileType = text.plist.xml; path = Info.plist; sourceTree = "<group>"; };
		180E4EB9259E11AE00DB028B /* TestingXcodeServerUITests.xctest */ = {isa = PBXFileReference; explicitFileType = wrapper.cfbundle; includeInIndex = 0; path = TestingXcodeServerUITests.xctest; sourceTree = BUILT_PRODUCTS_DIR; };
		180E4EBD259E11AE00DB028B /* TestingXcodeServerUITests.swift */ = {isa = PBXFileReference; lastKnownFileType = sourcecode.swift; path = TestingXcodeServerUITests.swift; sourceTree = "<group>"; };
		180E4EBF259E11AE00DB028B /* Info.plist */ = {isa = PBXFileReference; lastKnownFileType = text.plist.xml; path = Info.plist; sourceTree = "<group>"; };
/* End PBXFileReference section */

/* Begin PBXFrameworksBuildPhase section */
		180E4E95259E11AD00DB028B /* Frameworks */ = {
			isa = PBXFrameworksBuildPhase;
			buildActionMask = 2147483647;
			files = (
			);
			runOnlyForDeploymentPostprocessing = 0;
		};
		180E4EAB259E11AE00DB028B /* Frameworks */ = {
			isa = PBXFrameworksBuildPhase;
			buildActionMask = 2147483647;
			files = (
			);
			runOnlyForDeploymentPostprocessing = 0;
		};
		180E4EB6259E11AE00DB028B /* Frameworks */ = {
			isa = PBXFrameworksBuildPhase;
			buildActionMask = 2147483647;
			files = (
			);
			runOnlyForDeploymentPostprocessing = 0;
		};
/* End PBXFrameworksBuildPhase section */

/* Begin PBXGroup section */
		180E4E8F259E11AD00DB028B = {
			isa = PBXGroup;
			children = (
				180E4E9A259E11AD00DB028B /* TestingXcodeServer */,
				180E4EB1259E11AE00DB028B /* TestingXcodeServerTests */,
				180E4EBC259E11AE00DB028B /* TestingXcodeServerUITests */,
				180E4E99259E11AD00DB028B /* Products */,
			);
			sourceTree = "<group>";
		};
		180E4E99259E11AD00DB028B /* Products */ = {
			isa = PBXGroup;
			children = (
				180E4E98259E11AD00DB028B /* TestingXcodeServer.app */,
				180E4EAE259E11AE00DB028B /* TestingXcodeServerTests.xctest */,
				180E4EB9259E11AE00DB028B /* TestingXcodeServerUITests.xctest */,
			);
			name = Products;
			sourceTree = "<group>";
		};
		180E4E9A259E11AD00DB028B /* TestingXcodeServer */ = {
			isa = PBXGroup;
			children = (
				180E4E9B259E11AD00DB028B /* AppDelegate.swift */,
				180E4E9D259E11AD00DB028B /* SceneDelegate.swift */,
				180E4E9F259E11AD00DB028B /* ViewController.swift */,
				180E4EA1259E11AD00DB028B /* Main.storyboard */,
				180E4EA4259E11AE00DB028B /* Assets.xcassets */,
				180E4EA6259E11AE00DB028B /* LaunchScreen.storyboard */,
				180E4EA9259E11AE00DB028B /* Info.plist */,
			);
			path = TestingXcodeServer;
			sourceTree = "<group>";
		};
		180E4EB1259E11AE00DB028B /* TestingXcodeServerTests */ = {
			isa = PBXGroup;
			children = (
				180E4EB2259E11AE00DB028B /* TestingXcodeServerTests.swift */,
				180E4EB4259E11AE00DB028B /* Info.plist */,
			);
			path = TestingXcodeServerTests;
			sourceTree = "<group>";
		};
		180E4EBC259E11AE00DB028B /* TestingXcodeServerUITests */ = {
			isa = PBXGroup;
			children = (
				180E4EBD259E11AE00DB028B /* TestingXcodeServerUITests.swift */,
				180E4EBF259E11AE00DB028B /* Info.plist */,
			);
			path = TestingXcodeServerUITests;
			sourceTree = "<group>";
		};
/* End PBXGroup section */

/* Begin PBXNativeTarget section */
		180E4E97259E11AD00DB028B /* TestingXcodeServer */ = {
			isa = PBXNativeTarget;
			buildConfigurationList = 180E4EC2259E11AE00DB028B /* Build configuration list for PBXNativeTarget "TestingXcodeServer" */;
			buildPhases = (
				180E4E94259E11AD00DB028B /* Sources */,
				180E4E95259E11AD00DB028B /* Frameworks */,
				180E4E96259E11AD00DB028B /* Resources */,
			);
			buildRules = (
			);
			dependencies = (
			);
			name = TestingXcodeServer;
			productName = TestingXcodeServer;
			productReference = 180E4E98259E11AD00DB028B /* TestingXcodeServer.app */;
			productType = "com.apple.product-type.application";
		};
		180E4EAD259E11AE00DB028B /* TestingXcodeServerTests */ = {
			isa = PBXNativeTarget;
			buildConfigurationList = 180E4EC5259E11AE00DB028B /* Build configuration list for PBXNativeTarget "TestingXcodeServerTests" */;
			buildPhases = (
				180E4EAA259E11AE00DB028B /* Sources */,
				180E4EAB259E11AE00DB028B /* Frameworks */,
				180E4EAC259E11AE00DB028B /* Resources */,
			);
			buildRules = (
			);
			dependencies = (
				180E4EB0259E11AE00DB028B /* PBXTargetDependency */,
			);
			name = TestingXcodeServerTests;
			productName = TestingXcodeServerTests;
			productReference = 180E4EAE259E11AE00DB028B /* TestingXcodeServerTests.xctest */;
			productType = "com.apple.product-type.bundle.unit-test";
		};
		180E4EB8259E11AE00DB028B /* TestingXcodeServerUITests */ = {
			isa = PBXNativeTarget;
			buildConfigurationList = 180E4EC8259E11AE00DB028B /* Build configuration list for PBXNativeTarget "TestingXcodeServerUITests" */;
			buildPhases = (
				180E4EB5259E11AE00DB028B /* Sources */,
				180E4EB6259E11AE00DB028B /* Frameworks */,
				180E4EB7259E11AE00DB028B /* Resources */,
			);
			buildRules = (
			);
			dependencies = (
				180E4EBB259E11AE00DB028B /* PBXTargetDependency */,
			);
			name = TestingXcodeServerUITests;
			productName = TestingXcodeServerUITests;
			productReference = 180E4EB9259E11AE00DB028B /* TestingXcodeServerUITests.xctest */;
			productType = "com.apple.product-type.bundle.ui-testing";
		};
/* End PBXNativeTarget section */

/* Begin PBXProject section */
		180E4E90259E11AD00DB028B /* Project object */ = {
			isa = PBXProject;
			attributes = {
				LastSwiftUpdateCheck = 1230;
				LastUpgradeCheck = 1230;
				TargetAttributes = {
					180E4E97259E11AD00DB028B = {
						CreatedOnToolsVersion = 12.3;
					};
					180E4EAD259E11AE00DB028B = {
						CreatedOnToolsVersion = 12.3;
						TestTargetID = 180E4E97259E11AD00DB028B;
					};
					180E4EB8259E11AE00DB028B = {
						CreatedOnToolsVersion = 12.3;
						TestTargetID = 180E4E97259E11AD00DB028B;
					};
				};
			};
			buildConfigurationList = 180E4E93259E11AD00DB028B /* Build configuration list for PBXProject "TestingXcodeServer" */;
			compatibilityVersion = "Xcode 9.3";
			developmentRegion = en;
			hasScannedForEncodings = 0;
			knownRegions = (
				en,
				Base,
			);
			mainGroup = 180E4E8F259E11AD00DB028B;
			productRefGroup = 180E4E99259E11AD00DB028B /* Products */;
			projectDirPath = "";
			projectRoot = "";
			targets = (
				180E4E97259E11AD00DB028B /* TestingXcodeServer */,
				180E4EAD259E11AE00DB028B /* TestingXcodeServerTests */,
				180E4EB8259E11AE00DB028B /* TestingXcodeServerUITests */,
			);
		};
/* End PBXProject section */

/* Begin PBXResourcesBuildPhase section */
		180E4E96259E11AD00DB028B /* Resources */ = {
			isa = PBXResourcesBuildPhase;
			buildActionMask = 2147483647;
			files = (
				180E4EA8259E11AE00DB028B /* LaunchScreen.storyboard in Resources */,
				180E4EA5259E11AE00DB028B /* Assets.xcassets in Resources */,
				180E4EA3259E11AD00DB028B /* Main.storyboard in Resources */,
			);
			runOnlyForDeploymentPostprocessing = 0;
		};
		180E4EAC259E11AE00DB028B /* Resources */ = {
			isa = PBXResourcesBuildPhase;
			buildActionMask = 2147483647;
			files = (
			);
			runOnlyForDeploymentPostprocessing = 0;
		};
		180E4EB7259E11AE00DB028B /* Resources */ = {
			isa = PBXResourcesBuildPhase;
			buildActionMask = 2147483647;
			files = (
			);
			runOnlyForDeploymentPostprocessing = 0;
		};
/* End PBXResourcesBuildPhase section */

/* Begin PBXSourcesBuildPhase section */
		180E4E94259E11AD00DB028B /* Sources */ = {
			isa = PBXSourcesBuildPhase;
			buildActionMask = 2147483647;
			files = (
				180E4EA0259E11AD00DB028B /* ViewController.swift in Sources */,
				180E4E9C259E11AD00DB028B /* AppDelegate.swift in Sources */,
				180E4E9E259E11AD00DB028B /* SceneDelegate.swift in Sources */,
			);
			runOnlyForDeploymentPostprocessing = 0;
		};
		180E4EAA259E11AE00DB028B /* Sources */ = {
			isa = PBXSourcesBuildPhase;
			buildActionMask = 2147483647;
			files = (
				180E4EB3259E11AE00DB028B /* TestingXcodeServerTests.swift in Sources */,
			);
			runOnlyForDeploymentPostprocessing = 0;
		};
		180E4EB5259E11AE00DB028B /* Sources */ = {
			isa = PBXSourcesBuildPhase;
			buildActionMask = 2147483647;
			files = (
				180E4EBE259E11AE00DB028B /* TestingXcodeServerUITests.swift in Sources */,
			);
			runOnlyForDeploymentPostprocessing = 0;
		};
/* End PBXSourcesBuildPhase section */

/* Begin PBXTargetDependency section */
		180E4EB0259E11AE00DB028B /* PBXTargetDependency */ = {
			isa = PBXTargetDependency;
			target = 180E4E97259E11AD00DB028B /* TestingXcodeServer */;
			targetProxy = 180E4EAF259E11AE00DB028B /* PBXContainerItemProxy */;
		};
		180E4EBB259E11AE00DB028B /* PBXTargetDependency */ = {
			isa = PBXTargetDependency;
			target = 180E4E97259E11AD00DB028B /* TestingXcodeServer */;
			targetProxy = 180E4EBA259E11AE00DB028B /* PBXContainerItemProxy */;
		};
/* End PBXTargetDependency section */

/* Begin PBXVariantGroup section */
		180E4EA1259E11AD00DB028B /* Main.storyboard */ = {
			isa = PBXVariantGroup;
			children = (
				180E4EA2259E11AD00DB028B /* Base */,
			);
			name = Main.storyboard;
			sourceTree = "<group>";
		};
		180E4EA6259E11AE00DB028B /* LaunchScreen.storyboard */ = {
			isa = PBXVariantGroup;
			children = (
				180E4EA7259E11AE00DB028B /* Base */,
			);
			name = LaunchScreen.storyboard;
			sourceTree = "<group>";
		};
/* End PBXVariantGroup section */

/* Begin XCBuildConfiguration section */
		180E4EC0259E11AE00DB028B /* Debug */ = {
			isa = XCBuildConfiguration;
			buildSettings = {
				ALWAYS_SEARCH_USER_PATHS = NO;
				CLANG_ANALYZER_NONNULL = YES;
				CLANG_ANALYZER_NUMBER_OBJECT_CONVERSION = YES_AGGRESSIVE;
				CLANG_CXX_LANGUAGE_STANDARD = "gnu++14";
				CLANG_CXX_LIBRARY = "libc++";
				CLANG_ENABLE_MODULES = YES;
				CLANG_ENABLE_OBJC_ARC = YES;
				CLANG_ENABLE_OBJC_WEAK = YES;
				CLANG_WARN_BLOCK_CAPTURE_AUTORELEASING = YES;
				CLANG_WARN_BOOL_CONVERSION = YES;
				CLANG_WARN_COMMA = YES;
				CLANG_WARN_CONSTANT_CONVERSION = YES;
				CLANG_WARN_DEPRECATED_OBJC_IMPLEMENTATIONS = YES;
				CLANG_WARN_DIRECT_OBJC_ISA_USAGE = YES_ERROR;
				CLANG_WARN_DOCUMENTATION_COMMENTS = YES;
				CLANG_WARN_EMPTY_BODY = YES;
				CLANG_WARN_ENUM_CONVERSION = YES;
				CLANG_WARN_INFINITE_RECURSION = YES;
				CLANG_WARN_INT_CONVERSION = YES;
				CLANG_WARN_NON_LITERAL_NULL_CONVERSION = YES;
				CLANG_WARN_OBJC_IMPLICIT_RETAIN_SELF = YES;
				CLANG_WARN_OBJC_LITERAL_CONVERSION = YES;
				CLANG_WARN_OBJC_ROOT_CLASS = YES_ERROR;
				CLANG_WARN_QUOTED_INCLUDE_IN_FRAMEWORK_HEADER = YES;
				CLANG_WARN_RANGE_LOOP_ANALYSIS = YES;
				CLANG_WARN_STRICT_PROTOTYPES = YES;
				CLANG_WARN_SUSPICIOUS_MOVE = YES;
				CLANG_WARN_UNGUARDED_AVAILABILITY = YES_AGGRESSIVE;
				CLANG_WARN_UNREACHABLE_CODE = YES;
				CLANG_WARN__DUPLICATE_METHOD_MATCH = YES;
				COPY_PHASE_STRIP = NO;
				DEBUG_INFORMATION_FORMAT = dwarf;
				ENABLE_STRICT_OBJC_MSGSEND = YES;
				ENABLE_TESTABILITY = YES;
				GCC_C_LANGUAGE_STANDARD = gnu11;
				GCC_DYNAMIC_NO_PIC = NO;
				GCC_NO_COMMON_BLOCKS = YES;
				GCC_OPTIMIZATION_LEVEL = 0;
				GCC_PREPROCESSOR_DEFINITIONS = (
					"DEBUG=1",
					"$(inherited)",
				);
				GCC_WARN_64_TO_32_BIT_CONVERSION = YES;
				GCC_WARN_ABOUT_RETURN_TYPE = YES_ERROR;
				GCC_WARN_UNDECLARED_SELECTOR = YES;
				GCC_WARN_UNINITIALIZED_AUTOS = YES_AGGRESSIVE;
				GCC_WARN_UNUSED_FUNCTION = YES;
				GCC_WARN_UNUSED_VARIABLE = YES;
				IPHONEOS_DEPLOYMENT_TARGET = 14.3;
				MTL_ENABLE_DEBUG_INFO = INCLUDE_SOURCE;
				MTL_FAST_MATH = YES;
				ONLY_ACTIVE_ARCH = YES;
				SDKROOT = iphoneos;
				SWIFT_ACTIVE_COMPILATION_CONDITIONS = DEBUG;
				SWIFT_OPTIMIZATION_LEVEL = "-Onone";
			};
			name = Debug;
		};
		180E4EC1259E11AE00DB028B /* Release */ = {
			isa = XCBuildConfiguration;
			buildSettings = {
				ALWAYS_SEARCH_USER_PATHS = NO;
				CLANG_ANALYZER_NONNULL = YES;
				CLANG_ANALYZER_NUMBER_OBJECT_CONVERSION = YES_AGGRESSIVE;
				CLANG_CXX_LANGUAGE_STANDARD = "gnu++14";
				CLANG_CXX_LIBRARY = "libc++";
				CLANG_ENABLE_MODULES = YES;
				CLANG_ENABLE_OBJC_ARC = YES;
				CLANG_ENABLE_OBJC_WEAK = YES;
				CLANG_WARN_BLOCK_CAPTURE_AUTORELEASING = YES;
				CLANG_WARN_BOOL_CONVERSION = YES;
				CLANG_WARN_COMMA = YES;
				CLANG_WARN_CONSTANT_CONVERSION = YES;
				CLANG_WARN_DEPRECATED_OBJC_IMPLEMENTATIONS = YES;
				CLANG_WARN_DIRECT_OBJC_ISA_USAGE = YES_ERROR;
				CLANG_WARN_DOCUMENTATION_COMMENTS = YES;
				CLANG_WARN_EMPTY_BODY = YES;
				CLANG_WARN_ENUM_CONVERSION = YES;
				CLANG_WARN_INFINITE_RECURSION = YES;
				CLANG_WARN_INT_CONVERSION = YES;
				CLANG_WARN_NON_LITERAL_NULL_CONVERSION = YES;
				CLANG_WARN_OBJC_IMPLICIT_RETAIN_SELF = YES;
				CLANG_WARN_OBJC_LITERAL_CONVERSION = YES;
				CLANG_WARN_OBJC_ROOT_CLASS = YES_ERROR;
				CLANG_WARN_QUOTED_INCLUDE_IN_FRAMEWORK_HEADER = YES;
				CLANG_WARN_RANGE_LOOP_ANALYSIS = YES;
				CLANG_WARN_STRICT_PROTOTYPES = YES;
				CLANG_WARN_SUSPICIOUS_MOVE = YES;
				CLANG_WARN_UNGUARDED_AVAILABILITY = YES_AGGRESSIVE;
				CLANG_WARN_UNREACHABLE_CODE = YES;
				CLANG_WARN__DUPLICATE_METHOD_MATCH = YES;
				COPY_PHASE_STRIP = NO;
				DEBUG_INFORMATION_FORMAT = "dwarf-with-dsym";
				ENABLE_NS_ASSERTIONS = NO;
				ENABLE_STRICT_OBJC_MSGSEND = YES;
				GCC_C_LANGUAGE_STANDARD = gnu11;
				GCC_NO_COMMON_BLOCKS = YES;
				GCC_WARN_64_TO_32_BIT_CONVERSION = YES;
				GCC_WARN_ABOUT_RETURN_TYPE = YES_ERROR;
				GCC_WARN_UNDECLARED_SELECTOR = YES;
				GCC_WARN_UNINITIALIZED_AUTOS = YES_AGGRESSIVE;
				GCC_WARN_UNUSED_FUNCTION = YES;
				GCC_WARN_UNUSED_VARIABLE = YES;
				IPHONEOS_DEPLOYMENT_TARGET = 14.3;
				MTL_ENABLE_DEBUG_INFO = NO;
				MTL_FAST_MATH = YES;
				SDKROOT = iphoneos;
				SWIFT_COMPILATION_MODE = wholemodule;
				SWIFT_OPTIMIZATION_LEVEL = "-O";
				VALIDATE_PRODUCT = YES;
			};
			name = Release;
		};
		180E4EC3259E11AE00DB028B /* Debug */ = {
			isa = XCBuildConfiguration;
			buildSettings = {
				ASSETCATALOG_COMPILER_APPICON_NAME = AppIcon;
				ASSETCATALOG_COMPILER_GLOBAL_ACCENT_COLOR_NAME = AccentColor;
				CODE_SIGN_STYLE = Automatic;
				DEVELOPMENT_TEAM = M96L4WMU9C;
				INFOPLIST_FILE = TestingXcodeServer/Info.plist;
				LD_RUNPATH_SEARCH_PATHS = (
					"$(inherited)",
					"@executable_path/Frameworks",
				);
				PRODUCT_BUNDLE_IDENTIFIER = odyflame.TestingXcodeServer;
				PRODUCT_NAME = "$(TARGET_NAME)";
				SWIFT_VERSION = 5.0;
				TARGETED_DEVICE_FAMILY = "1,2";
			};
			name = Debug;
		};
		180E4EC4259E11AE00DB028B /* Release */ = {
			isa = XCBuildConfiguration;
			buildSettings = {
				ASSETCATALOG_COMPILER_APPICON_NAME = AppIcon;
				ASSETCATALOG_COMPILER_GLOBAL_ACCENT_COLOR_NAME = AccentColor;
				CODE_SIGN_STYLE = Automatic;
				DEVELOPMENT_TEAM = M96L4WMU9C;
				INFOPLIST_FILE = TestingXcodeServer/Info.plist;
				LD_RUNPATH_SEARCH_PATHS = (
					"$(inherited)",
					"@executable_path/Frameworks",
				);
				PRODUCT_BUNDLE_IDENTIFIER = odyflame.TestingXcodeServer;
				PRODUCT_NAME = "$(TARGET_NAME)";
				SWIFT_VERSION = 5.0;
				TARGETED_DEVICE_FAMILY = "1,2";
			};
			name = Release;
		};
		180E4EC6259E11AE00DB028B /* Debug */ = {
			isa = XCBuildConfiguration;
			buildSettings = {
				ALWAYS_EMBED_SWIFT_STANDARD_LIBRARIES = YES;
				BUNDLE_LOADER = "$(TEST_HOST)";
				CODE_SIGN_STYLE = Automatic;
				DEVELOPMENT_TEAM = M96L4WMU9C;
				INFOPLIST_FILE = TestingXcodeServerTests/Info.plist;
				IPHONEOS_DEPLOYMENT_TARGET = 14.3;
				LD_RUNPATH_SEARCH_PATHS = (
					"$(inherited)",
					"@executable_path/Frameworks",
					"@loader_path/Frameworks",
				);
				PRODUCT_BUNDLE_IDENTIFIER = odyflame.TestingXcodeServerTests;
				PRODUCT_NAME = "$(TARGET_NAME)";
				SWIFT_VERSION = 5.0;
				TARGETED_DEVICE_FAMILY = "1,2";
				TEST_HOST = "$(BUILT_PRODUCTS_DIR)/TestingXcodeServer.app/TestingXcodeServer";
			};
			name = Debug;
		};
		180E4EC7259E11AE00DB028B /* Release */ = {
			isa = XCBuildConfiguration;
			buildSettings = {
				ALWAYS_EMBED_SWIFT_STANDARD_LIBRARIES = YES;
				BUNDLE_LOADER = "$(TEST_HOST)";
				CODE_SIGN_STYLE = Automatic;
				DEVELOPMENT_TEAM = M96L4WMU9C;
				INFOPLIST_FILE = TestingXcodeServerTests/Info.plist;
				IPHONEOS_DEPLOYMENT_TARGET = 14.3;
				LD_RUNPATH_SEARCH_PATHS = (
					"$(inherited)",
					"@executable_path/Frameworks",
					"@loader_path/Frameworks",
				);
				PRODUCT_BUNDLE_IDENTIFIER = odyflame.TestingXcodeServerTests;
				PRODUCT_NAME = "$(TARGET_NAME)";
				SWIFT_VERSION = 5.0;
				TARGETED_DEVICE_FAMILY = "1,2";
				TEST_HOST = "$(BUILT_PRODUCTS_DIR)/TestingXcodeServer.app/TestingXcodeServer";
			};
			name = Release;
		};
		180E4EC9259E11AE00DB028B /* Debug */ = {
			isa = XCBuildConfiguration;
			buildSettings = {
				ALWAYS_EMBED_SWIFT_STANDARD_LIBRARIES = YES;
				CODE_SIGN_STYLE = Automatic;
				DEVELOPMENT_TEAM = M96L4WMU9C;
				INFOPLIST_FILE = TestingXcodeServerUITests/Info.plist;
				LD_RUNPATH_SEARCH_PATHS = (
					"$(inherited)",
					"@executable_path/Frameworks",
					"@loader_path/Frameworks",
				);
				PRODUCT_BUNDLE_IDENTIFIER = odyflame.TestingXcodeServerUITests;
				PRODUCT_NAME = "$(TARGET_NAME)";
				SWIFT_VERSION = 5.0;
				TARGETED_DEVICE_FAMILY = "1,2";
				TEST_TARGET_NAME = TestingXcodeServer;
			};
			name = Debug;
		};
		180E4ECA259E11AE00DB028B /* Release */ = {
			isa = XCBuildConfiguration;
			buildSettings = {
				ALWAYS_EMBED_SWIFT_STANDARD_LIBRARIES = YES;
				CODE_SIGN_STYLE = Automatic;
				DEVELOPMENT_TEAM = M96L4WMU9C;
				INFOPLIST_FILE = TestingXcodeServerUITests/Info.plist;
				LD_RUNPATH_SEARCH_PATHS = (
					"$(inherited)",
					"@executable_path/Frameworks",
					"@loader_path/Frameworks",
				);
				PRODUCT_BUNDLE_IDENTIFIER = odyflame.TestingXcodeServerUITests;
				PRODUCT_NAME = "$(TARGET_NAME)";
				SWIFT_VERSION = 5.0;
				TARGETED_DEVICE_FAMILY = "1,2";
				TEST_TARGET_NAME = TestingXcodeServer;
			};
			name = Release;
		};
/* End XCBuildConfiguration section */

/* Begin XCConfigurationList section */
		180E4E93259E11AD00DB028B /* Build configuration list for PBXProject "TestingXcodeServer" */ = {
			isa = XCConfigurationList;
			buildConfigurations = (
				180E4EC0259E11AE00DB028B /* Debug */,
				180E4EC1259E11AE00DB028B /* Release */,
			);
			defaultConfigurationIsVisible = 0;
			defaultConfigurationName = Release;
		};
		180E4EC2259E11AE00DB028B /* Build configuration list for PBXNativeTarget "TestingXcodeServer" */ = {
			isa = XCConfigurationList;
			buildConfigurations = (
				180E4EC3259E11AE00DB028B /* Debug */,
				180E4EC4259E11AE00DB028B /* Release */,
			);
			defaultConfigurationIsVisible = 0;
			defaultConfigurationName = Release;
		};
		180E4EC5259E11AE00DB028B /* Build configuration list for PBXNativeTarget "TestingXcodeServerTests" */ = {
			isa = XCConfigurationList;
			buildConfigurations = (
				180E4EC6259E11AE00DB028B /* Debug */,
				180E4EC7259E11AE00DB028B /* Release */,
			);
			defaultConfigurationIsVisible = 0;
			defaultConfigurationName = Release;
		};
		180E4EC8259E11AE00DB028B /* Build configuration list for PBXNativeTarget "TestingXcodeServerUITests" */ = {
			isa = XCConfigurationList;
			buildConfigurations = (
				180E4EC9259E11AE00DB028B /* Debug */,
				180E4ECA259E11AE00DB028B /* Release */,
			);
			defaultConfigurationIsVisible = 0;
			defaultConfigurationName = Release;
		};
/* End XCConfigurationList section */
	};
	rootObject = 180E4E90259E11AD00DB028B /* Project object */;
}
